
Microsoft Visual Studio Solution File, Format Version 12.00
# Visual Studio Version 16
VisualStudioVersion = 16.0.29806.167
MinimumVisualStudioVersion = 10.0.40219.1
Project("{FAE04EC0-301F-11D3-BF4B-00C04F79EFBC}") = "EA2_Milestone5", "EA2_Milestone4\EA2_Milestone5.csproj", "{B389F6D0-2290-450E-B586-25925E3495E9}"
EndProject
Global
	GlobalSection(SolutionConfigurationPlatforms) = preSolution
		Debug|Any CPU = Debug|Any CPU
		Release|Any CPU = Release|Any CPU
	EndGlobalSection
	GlobalSection(ProjectConfigurationPlatforms) = postSolution
		{B389F6D0-2290-450E-B586-25925E3495E9}.Debug|Any CPU.ActiveCfg = Debug|Any CPU
		{B389F6D0-2290-450E-B586-25925E3495E9}.Debug|Any CPU.Build.0 = Debug|Any CPU
		{B389F6D0-2290-450E-B586-25925E3495E9}.Release|Any CPU.ActiveCfg = Release|Any CPU
		{B389F6D0-2290-450E-B586-25925E3495E9}.Release|Any CPU.Build.0 = Release|Any CPU
	EndGlobalSection
	GlobalSection(SolutionProperties) = preSolution
		HideSolutionNode = FALSE
	EndGlobalSection
	GlobalSection(ExtensibilityGlobals) = postSolution
		SolutionGuid = {4A677EFA-6895-4B2A-B5BD-272B57E78D0B}
	EndGlobalSection
EndGlobal
